lockfileVersion: '9.0'

settings:
  autoInstallPeers: true
  excludeLinksFromLockfile: false

importers:

  .:
    dependencies:
      '@graphql-tools/mock':
        specifier: ^9.0.4
        version: 9.1.0(graphql@16.11.0)
      '@graphql-tools/schema':
        specifier: ^10.0.6
        version: 10.0.26(graphql@16.11.0)
      graphql:
        specifier: ^16.9.0
        version: 16.11.0
      graphql-yoga:
        specifier: ^5.8.3
        version: 5.16.0(graphql@16.11.0)

packages:

  '@envelop/core@5.3.2':
    resolution: {integrity: sha512-06Mu7fmyKzk09P2i2kHpGfItqLLgCq7uO5/nX4fc/iHMplWPNuAx4iYR+WXUQoFHDnP6EUbceQNQ5iyeMz9f3g==}
    engines: {node: '>=18.0.0'}

  '@envelop/instrumentation@1.0.0':
    resolution: {integrity: sha512-cxgkB66RQB95H3X27jlnxCRNTmPuSTgmBAq6/4n2Dtv4hsk4yz8FadA1ggmd0uZzvKqWD6CR+WFgTjhDqg7eyw==}
    engines: {node: '>=18.0.0'}

  '@envelop/types@5.2.1':
    resolution: {integrity: sha512-CsFmA3u3c2QoLDTfEpGr4t25fjMU31nyvse7IzWTvb0ZycuPjMjb0fjlheh+PbhBYb9YLugnT2uY6Mwcg1o+Zg==}
    engines: {node: '>=18.0.0'}

  '@fastify/busboy@3.2.0':
    resolution: {integrity: sha512-m9FVDXU3GT2ITSe0UaMA5rU3QkfC/UXtCU8y0gSN/GugTqtVldOBWIB5V6V3sbmenVZUIpU6f+mPEO2+m5iTaA==}

  '@graphql-tools/executor@1.4.10':
    resolution: {integrity: sha512-/o7QScMdJpx/qIJlQcYs9ohB2qU2jSpuMyPStQy30kKTLHKyMETWpbljvRsuQxHJ2MJmEF3bYZgBHzdNAQHhug==}
    engines: {node: '>=16.0.0'}
    peerDependencies:
      graphql: ^14.0.0 || ^15.0.0 || ^16.0.0 || ^17.0.0

  '@graphql-tools/merge@9.1.2':
    resolution: {integrity: sha512-Ny9YhWKv+KxZFdXYt+wlyEW55GzhFiq4daV4wYgpP0aRbwQaczNJd1L3VjjBsPKjmW8lctZXUoqYTqU5QPcBGw==}
    engines: {node: '>=16.0.0'}
    peerDependencies:
      graphql: ^14.0.0 || ^15.0.0 || ^16.0.0 || ^17.0.0

  '@graphql-tools/mock@9.1.0':
    resolution: {integrity: sha512-z/HEvgsJNcls42l1sKl8SiqpPyIZcVTw5GnxAttb+jmu/hAyuAYfQ+z5G8aPrnmQv7sHbjE63SqUpRl3z8tmow==}
    engines: {node: '>=16.0.0'}
    peerDependencies:
      graphql: ^14.0.0 || ^15.0.0 || ^16.0.0 || ^17.0.0

  '@graphql-tools/schema@10.0.26':
    resolution: {integrity: sha512-KOmjuiWa9poP/Lza4HV0ZBPYGJI3VE3QzXA/8e0+wjcsRuEmxMLP82re1PUg0QRzp2UzifAB/gd7DoXmVGG9Fg==}
    engines: {node: '>=16.0.0'}
    peerDependencies:
      graphql: ^14.0.0 || ^15.0.0 || ^16.0.0 || ^17.0.0

  '@graphql-tools/utils@10.10.0':
    resolution: {integrity: sha512-OOeab5Y9qeKq0zfoJCSScMcDfGcIxp05+LW2xYVCS2l3su+K3lYcg5+cAAx9n0SFxpJl8zF5denq2QDsfM7NnQ==}
    engines: {node: '>=16.0.0'}
    peerDependencies:
      graphql: ^14.0.0 || ^15.0.0 || ^16.0.0 || ^17.0.0

  '@graphql-typed-document-node/core@3.2.0':
    resolution: {integrity: sha512-mB9oAsNCm9aM3/SOv4YtBMqZbYj10R7dkq8byBqxGY/ncFwhf2oQzMV+LCRlWoDSEBJ3COiR1yeDvMtsoOsuFQ==}
    peerDependencies:
      graphql: ^0.8.0 || ^0.9.0 || ^0.10.0 || ^0.11.0 || ^0.12.0 || ^0.13.0 || ^14.0.0 || ^15.0.0 || ^16.0.0 || ^17.0.0

  '@graphql-yoga/logger@2.0.1':
    resolution: {integrity: sha512-Nv0BoDGLMg9QBKy9cIswQ3/6aKaKjlTh87x3GiBg2Z4RrjyrM48DvOOK0pJh1C1At+b0mUIM67cwZcFTDLN4sA==}
    engines: {node: '>=18.0.0'}

  '@graphql-yoga/subscription@5.0.5':
    resolution: {integrity: sha512-oCMWOqFs6QV96/NZRt/ZhTQvzjkGB4YohBOpKM4jH/lDT4qb7Lex/aGCxpi/JD9njw3zBBtMqxbaC22+tFHVvw==}
    engines: {node: '>=18.0.0'}

  '@graphql-yoga/typed-event-target@3.0.2':
    resolution: {integrity: sha512-ZpJxMqB+Qfe3rp6uszCQoag4nSw42icURnBRfFYSOmTgEeOe4rD0vYlbA8spvCu2TlCesNTlEN9BLWtQqLxabA==}
    engines: {node: '>=18.0.0'}

  '@repeaterjs/repeater@3.0.6':
    resolution: {integrity: sha512-Javneu5lsuhwNCryN+pXH93VPQ8g0dBX7wItHFgYiwQmzE1sVdg5tWHiOgHywzL2W21XQopa7IwIEnNbmeUJYA==}

  '@whatwg-node/disposablestack@0.0.6':
    resolution: {integrity: sha512-LOtTn+JgJvX8WfBVJtF08TGrdjuFzGJc4mkP8EdDI8ADbvO7kiexYep1o8dwnt0okb0jYclCDXF13xU7Ge4zSw==}
    engines: {node: '>=18.0.0'}

  '@whatwg-node/events@0.1.2':
    resolution: {integrity: sha512-ApcWxkrs1WmEMS2CaLLFUEem/49erT3sxIVjpzU5f6zmVcnijtDSrhoK2zVobOIikZJdH63jdAXOrvjf6eOUNQ==}
    engines: {node: '>=18.0.0'}

  '@whatwg-node/fetch@0.10.11':
    resolution: {integrity: sha512-eR8SYtf9Nem1Tnl0IWrY33qJ5wCtIWlt3Fs3c6V4aAaTFLtkEQErXu3SSZg/XCHrj9hXSJ8/8t+CdMk5Qec/ZA==}
    engines: {node: '>=18.0.0'}

  '@whatwg-node/node-fetch@0.8.1':
    resolution: {integrity: sha512-cQmQEo7IsI0EPX9VrwygXVzrVlX43Jb7/DBZSmpnC7xH4xkyOnn/HykHpTaQk7TUs7zh59A5uTGqx3p2Ouzffw==}
    engines: {node: '>=18.0.0'}

  '@whatwg-node/promise-helpers@1.3.2':
    resolution: {integrity: sha512-Nst5JdK47VIl9UcGwtv2Rcgyn5lWtZ0/mhRQ4G8NN2isxpq2TO30iqHzmwoJycjWuyUfg3GFXqP/gFHXeV57IA==}
    engines: {node: '>=16.0.0'}

  '@whatwg-node/server@0.10.13':
    resolution: {integrity: sha512-Otmxo+0mp8az3B48pLI1I4msNOXPIoP7TLm6h5wOEQmynqHt8oP9nR6NJUeJk6iI5OtFpQtkbJFwfGkmplvc3Q==}
    engines: {node: '>=18.0.0'}

  cross-inspect@1.0.1:
    resolution: {integrity: sha512-Pcw1JTvZLSJH83iiGWt6fRcT+BjZlCDRVwYLbUcHzv/CRpB7r0MlSrGbIyQvVSNyGnbt7G4AXuyCiDR3POvZ1A==}
    engines: {node: '>=16.0.0'}

  dset@3.1.4:
    resolution: {integrity: sha512-2QF/g9/zTaPDc3BjNcVTGoBbXBgYfMTTceLaYcFJ/W9kggFUkhxD/hMEeuLKbugyef9SqAx8cpgwlIP/jinUTA==}
    engines: {node: '>=4'}

  fast-json-stable-stringify@2.1.0:
    resolution: {integrity: sha512-lhd/wF+Lk98HZoTCtlVraHtfh5XYijIjalXck7saUtuanSDyLMxnHhSXEDJqHxD7msR8D0uCmqlkwjCV8xvwHw==}

  graphql-yoga@5.16.0:
    resolution: {integrity: sha512-/R2dJea7WgvNlXRU4F8iFwWd95Qn1mN+R+yC8XBs1wKjUzr0Pvv8cGYtt6UUcVHw5CiDEtu7iQY5oOe3sDAWCQ==}
    engines: {node: '>=18.0.0'}
    peerDependencies:
      graphql: ^15.2.0 || ^16.0.0

  graphql@16.11.0:
    resolution: {integrity: sha512-mS1lbMsxgQj6hge1XZ6p7GPhbrtFwUFYi3wRzXAC/FmYnyXMTvvI3td3rjmQ2u8ewXueaSvRPWaEcgVVOT9Jnw==}
    engines: {node: ^12.22.0 || ^14.16.0 || ^16.0.0 || >=17.0.0}

  lru-cache@10.4.3:
    resolution: {integrity: sha512-JNAzZcXrCt42VGLuYz0zfAzDfAvJWW6AfYlDBQyDV5DClI2m5sAmK+OIO7s59XfsRsWHp02jAJrRadPRGTt6SQ==}

  tslib@2.8.1:
    resolution: {integrity: sha512-oJFu94HQb+KVduSUQL7wnpmqnfmLsOA/nAh6b6EH0wCEoK0/mPeXU6c3wKDV83MkOuHPRHtSXKKU99IBazS/2w==}

  urlpattern-polyfill@10.1.0:
    resolution: {integrity: sha512-IGjKp/o0NL3Bso1PymYURCJxMPNAf/ILOpendP9f5B6e1rTJgdgiOvgfoT8VxCAdY+Wisb9uhGaJJf3yZ2V9nw==}

snapshots:

  '@envelop/core@5.3.2':
    dependencies:
      '@envelop/instrumentation': 1.0.0
      '@envelop/types': 5.2.1
      '@whatwg-node/promise-helpers': 1.3.2
      tslib: 2.8.1

  '@envelop/instrumentation@1.0.0':
    dependencies:
      '@whatwg-node/promise-helpers': 1.3.2
      tslib: 2.8.1

  '@envelop/types@5.2.1':
    dependencies:
      '@whatwg-node/promise-helpers': 1.3.2
      tslib: 2.8.1

  '@fastify/busboy@3.2.0': {}

  '@graphql-tools/executor@1.4.10(graphql@16.11.0)':
    dependencies:
      '@graphql-tools/utils': 10.10.0(graphql@16.11.0)
      '@graphql-typed-document-node/core': 3.2.0(graphql@16.11.0)
      '@repeaterjs/repeater': 3.0.6
      '@whatwg-node/disposablestack': 0.0.6
      '@whatwg-node/promise-helpers': 1.3.2
      graphql: 16.11.0
      tslib: 2.8.1

  '@graphql-tools/merge@9.1.2(graphql@16.11.0)':
    dependencies:
      '@graphql-tools/utils': 10.10.0(graphql@16.11.0)
      graphql: 16.11.0
      tslib: 2.8.1

  '@graphql-tools/mock@9.1.0(graphql@16.11.0)':
    dependencies:
      '@graphql-tools/schema': 10.0.26(graphql@16.11.0)
      '@graphql-tools/utils': 10.10.0(graphql@16.11.0)
      fast-json-stable-stringify: 2.1.0
      graphql: 16.11.0
      tslib: 2.8.1

  '@graphql-tools/schema@10.0.26(graphql@16.11.0)':
    dependencies:
      '@graphql-tools/merge': 9.1.2(graphql@16.11.0)
      '@graphql-tools/utils': 10.10.0(graphql@16.11.0)
      graphql: 16.11.0
      tslib: 2.8.1

  '@graphql-tools/utils@10.10.0(graphql@16.11.0)':
    dependencies:
      '@graphql-typed-document-node/core': 3.2.0(graphql@16.11.0)
      '@whatwg-node/promise-helpers': 1.3.2
      cross-inspect: 1.0.1
      dset: 3.1.4
      graphql: 16.11.0
      tslib: 2.8.1

  '@graphql-typed-document-node/core@3.2.0(graphql@16.11.0)':
    dependencies:
      graphql: 16.11.0

  '@graphql-yoga/logger@2.0.1':
    dependencies:
      tslib: 2.8.1

  '@graphql-yoga/subscription@5.0.5':
    dependencies:
      '@graphql-yoga/typed-event-target': 3.0.2
      '@repeaterjs/repeater': 3.0.6
      '@whatwg-node/events': 0.1.2
      tslib: 2.8.1

  '@graphql-yoga/typed-event-target@3.0.2':
    dependencies:
      '@repeaterjs/repeater': 3.0.6
      tslib: 2.8.1

  '@repeaterjs/repeater@3.0.6': {}

  '@whatwg-node/disposablestack@0.0.6':
    dependencies:
      '@whatwg-node/promise-helpers': 1.3.2
      tslib: 2.8.1

  '@whatwg-node/events@0.1.2':
    dependencies:
      tslib: 2.8.1

  '@whatwg-node/fetch@0.10.11':
    dependencies:
      '@whatwg-node/node-fetch': 0.8.1
      urlpattern-polyfill: 10.1.0

  '@whatwg-node/node-fetch@0.8.1':
    dependencies:
      '@fastify/busboy': 3.2.0
      '@whatwg-node/disposablestack': 0.0.6
      '@whatwg-node/promise-helpers': 1.3.2
      tslib: 2.8.1

  '@whatwg-node/promise-helpers@1.3.2':
    dependencies:
      tslib: 2.8.1

  '@whatwg-node/server@0.10.13':
    dependencies:
      '@envelop/instrumentation': 1.0.0
      '@whatwg-node/disposablestack': 0.0.6
      '@whatwg-node/fetch': 0.10.11
      '@whatwg-node/promise-helpers': 1.3.2
      tslib: 2.8.1

  cross-inspect@1.0.1:
    dependencies:
      tslib: 2.8.1

  dset@3.1.4: {}

  fast-json-stable-stringify@2.1.0: {}

  graphql-yoga@5.16.0(graphql@16.11.0):
    dependencies:
      '@envelop/core': 5.3.2
      '@envelop/instrumentation': 1.0.0
      '@graphql-tools/executor': 1.4.10(graphql@16.11.0)
      '@graphql-tools/schema': 10.0.26(graphql@16.11.0)
      '@graphql-tools/utils': 10.10.0(graphql@16.11.0)
      '@graphql-yoga/logger': 2.0.1
      '@graphql-yoga/subscription': 5.0.5
      '@whatwg-node/fetch': 0.10.11
      '@whatwg-node/promise-helpers': 1.3.2
      '@whatwg-node/server': 0.10.13
      dset: 3.1.4
      graphql: 16.11.0
      lru-cache: 10.4.3
      tslib: 2.8.1

  graphql@16.11.0: {}

  lru-cache@10.4.3: {}

  tslib@2.8.1: {}

  urlpattern-polyfill@10.1.0: {}
